
Microsoft Visual Studio Solution File, Format Version 12.00
# Visual Studio Version 17
VisualStudioVersion = 17.10.34928.147
MinimumVisualStudioVersion = 10.0.40219.1
Project("{888888A0-9F3D-457C-B088-3A5042F75D52}") = "QR Generator Script", "QR Generator Script\QR Generator Script.pyproj", "{90EE65E9-FBCD-4F8C-A221-D9579F01C5E5}"
EndProject
Global
	GlobalSection(SolutionConfigurationPlatforms) = preSolution
		Debug|Any CPU = Debug|Any CPU
		Release|Any CPU = Release|Any CPU
	EndGlobalSection
	GlobalSection(ProjectConfigurationPlatforms) = postSolution
		{90EE65E9-FBCD-4F8C-A221-D9579F01C5E5}.Debug|Any CPU.ActiveCfg = Debug|Any CPU
		{90EE65E9-FBCD-4F8C-A221-D9579F01C5E5}.Release|Any CPU.ActiveCfg = Release|Any CPU
	EndGlobalSection
	GlobalSection(SolutionProperties) = preSolution
		HideSolutionNode = FALSE
	EndGlobalSection
	GlobalSection(ExtensibilityGlobals) = postSolution
		SolutionGuid = {E668CDDE-39C5-4E9C-A170-2493AF152EA3}
	EndGlobalSection
EndGlobal
